
Microsoft Visual Studio Solution File, Format Version 12.00
# Visual Studio Version 17
VisualStudioVersion = 17.3.32922.545
MinimumVisualStudioVersion = 10.0.40219.1
Project("{9A19103F-16F7-4668-BE54-9A1E7A4F7556}") = "ObjectDetection.ConsoleApp", "ObjectDetection.ConsoleApp\ObjectDetection.ConsoleApp.csproj", "{153D14A2-3378-4167-A5E0-F1D794B50A94}"
EndProject
Project("{9A19103F-16F7-4668-BE54-9A1E7A4F7556}") = "ObjectDetection.WinApp", "ObjectDetection.WinApp\ObjectDetection.WinApp.csproj", "{5BF25F97-7530-4816-878F-8937599B4ED1}"
EndProject
Project("{9A19103F-16F7-4668-BE54-9A1E7A4F7556}") = "YOLO4.Shared", "YOLO4.Shared\YOLO4.Shared.csproj", "{A1019AE6-C703-4FE6-8738-56756D458229}"
EndProject
Project("{9A19103F-16F7-4668-BE54-9A1E7A4F7556}") = "YOLO4.Transformer", "YOLO4.Transformer\YOLO4.Transformer.csproj", "{5CCE3442-5E9F-4E55-BAF4-0076C287A868}"
EndProject
Project("{FAE04EC0-301F-11D3-BF4B-00C04F79EFBC}") = "YOLO3.Shared", "YOLO3.Shared\YOLO3.Shared.csproj", "{0EE99169-C716-4720-8C24-A68EA02D0DD8}"
EndProject
Project("{FAE04EC0-301F-11D3-BF4B-00C04F79EFBC}") = "YOLO3.Transformer", "YOLO3.Transformer\YOLO3.Transformer.csproj", "{C8FAF03F-F6FE-44F7-96AA-F66033DF6AEE}"
EndProject
Global
	GlobalSection(SolutionConfigurationPlatforms) = preSolution
		Debug|Any CPU = Debug|Any CPU
		Debug|ARM = Debug|ARM
		Debug|ARM64 = Debug|ARM64
		Debug|x64 = Debug|x64
		Debug|x86 = Debug|x86
		Release|Any CPU = Release|Any CPU
		Release|ARM = Release|ARM
		Release|ARM64 = Release|ARM64
		Release|x64 = Release|x64
		Release|x86 = Release|x86
	EndGlobalSection
	GlobalSection(ProjectConfigurationPlatforms) = postSolution
		{153D14A2-3378-4167-A5E0-F1D794B50A94}.Debug|Any CPU.ActiveCfg = Debug|Any CPU
		{153D14A2-3378-4167-A5E0-F1D794B50A94}.Debug|Any CPU.Build.0 = Debug|Any CPU
		{153D14A2-3378-4167-A5E0-F1D794B50A94}.Debug|ARM.ActiveCfg = Debug|Any CPU
		{153D14A2-3378-4167-A5E0-F1D794B50A94}.Debug|ARM.Build.0 = Debug|Any CPU
		{153D14A2-3378-4167-A5E0-F1D794B50A94}.Debug|ARM64.ActiveCfg = Debug|Any CPU
		{153D14A2-3378-4167-A5E0-F1D794B50A94}.Debug|ARM64.Build.0 = Debug|Any CPU
		{153D14A2-3378-4167-A5E0-F1D794B50A94}.Debug|x64.ActiveCfg = Debug|Any CPU
		{153D14A2-3378-4167-A5E0-F1D794B50A94}.Debug|x64.Build.0 = Debug|Any CPU
		{153D14A2-3378-4167-A5E0-F1D794B50A94}.Debug|x86.ActiveCfg = Debug|Any CPU
		{153D14A2-3378-4167-A5E0-F1D794B50A94}.Debug|x86.Build.0 = Debug|Any CPU
		{153D14A2-3378-4167-A5E0-F1D794B50A94}.Release|Any CPU.ActiveCfg = Release|Any CPU
		{153D14A2-3378-4167-A5E0-F1D794B50A94}.Release|Any CPU.Build.0 = Release|Any CPU
		{153D14A2-3378-4167-A5E0-F1D794B50A94}.Release|ARM.ActiveCfg = Release|Any CPU
		{153D14A2-3378-4167-A5E0-F1D794B50A94}.Release|ARM.Build.0 = Release|Any CPU
		{153D14A2-3378-4167-A5E0-F1D794B50A94}.Release|ARM64.ActiveCfg = Release|Any CPU
		{153D14A2-3378-4167-A5E0-F1D794B50A94}.Release|ARM64.Build.0 = Release|Any CPU
		{153D14A2-3378-4167-A5E0-F1D794B50A94}.Release|x64.ActiveCfg = Release|Any CPU
		{153D14A2-3378-4167-A5E0-F1D794B50A94}.Release|x64.Build.0 = Release|Any CPU
		{153D14A2-3378-4167-A5E0-F1D794B50A94}.Release|x86.ActiveCfg = Release|Any CPU
		{153D14A2-3378-4167-A5E0-F1D794B50A94}.Release|x86.Build.0 = Release|Any CPU
		{5BF25F97-7530-4816-878F-8937599B4ED1}.Debug|Any CPU.ActiveCfg = Debug|x64
		{5BF25F97-7530-4816-878F-8937599B4ED1}.Debug|Any CPU.Build.0 = Debug|x64
		{5BF25F97-7530-4816-878F-8937599B4ED1}.Debug|Any CPU.Deploy.0 = Debug|x64
		{5BF25F97-7530-4816-878F-8937599B4ED1}.Debug|ARM.ActiveCfg = Debug|x64
		{5BF25F97-7530-4816-878F-8937599B4ED1}.Debug|ARM.Build.0 = Debug|x64
		{5BF25F97-7530-4816-878F-8937599B4ED1}.Debug|ARM.Deploy.0 = Debug|x64
		{5BF25F97-7530-4816-878F-8937599B4ED1}.Debug|ARM64.ActiveCfg = Debug|ARM64
		{5BF25F97-7530-4816-878F-8937599B4ED1}.Debug|ARM64.Build.0 = Debug|ARM64
		{5BF25F97-7530-4816-878F-8937599B4ED1}.Debug|ARM64.Deploy.0 = Debug|ARM64
		{5BF25F97-7530-4816-878F-8937599B4ED1}.Debug|x64.ActiveCfg = Debug|x64
		{5BF25F97-7530-4816-878F-8937599B4ED1}.Debug|x64.Build.0 = Debug|x64
		{5BF25F97-7530-4816-878F-8937599B4ED1}.Debug|x64.Deploy.0 = Debug|x64
		{5BF25F97-7530-4816-878F-8937599B4ED1}.Debug|x86.ActiveCfg = Debug|x86
		{5BF25F97-7530-4816-878F-8937599B4ED1}.Debug|x86.Build.0 = Debug|x86
		{5BF25F97-7530-4816-878F-8937599B4ED1}.Debug|x86.Deploy.0 = Debug|x86
		{5BF25F97-7530-4816-878F-8937599B4ED1}.Release|Any CPU.ActiveCfg = Release|x64
		{5BF25F97-7530-4816-878F-8937599B4ED1}.Release|Any CPU.Build.0 = Release|x64
		{5BF25F97-7530-4816-878F-8937599B4ED1}.Release|Any CPU.Deploy.0 = Release|x64
		{5BF25F97-7530-4816-878F-8937599B4ED1}.Release|ARM.ActiveCfg = Release|x64
		{5BF25F97-7530-4816-878F-8937599B4ED1}.Release|ARM.Build.0 = Release|x64
		{5BF25F97-7530-4816-878F-8937599B4ED1}.Release|ARM.Deploy.0 = Release|x64
		{5BF25F97-7530-4816-878F-8937599B4ED1}.Release|ARM64.ActiveCfg = Release|ARM64
		{5BF25F97-7530-4816-878F-8937599B4ED1}.Release|ARM64.Build.0 = Release|ARM64
		{5BF25F97-7530-4816-878F-8937599B4ED1}.Release|ARM64.Deploy.0 = Release|ARM64
		{5BF25F97-7530-4816-878F-8937599B4ED1}.Release|x64.ActiveCfg = Release|x64
		{5BF25F97-7530-4816-878F-8937599B4ED1}.Release|x64.Build.0 = Release|x64
		{5BF25F97-7530-4816-878F-8937599B4ED1}.Release|x64.Deploy.0 = Release|x64
		{5BF25F97-7530-4816-878F-8937599B4ED1}.Release|x86.ActiveCfg = Release|x86
		{5BF25F97-7530-4816-878F-8937599B4ED1}.Release|x86.Build.0 = Release|x86
		{5BF25F97-7530-4816-878F-8937599B4ED1}.Release|x86.Deploy.0 = Release|x86
		{A1019AE6-C703-4FE6-8738-56756D458229}.Debug|Any CPU.ActiveCfg = Debug|Any CPU
		{A1019AE6-C703-4FE6-8738-56756D458229}.Debug|Any CPU.Build.0 = Debug|Any CPU
		{A1019AE6-C703-4FE6-8738-56756D458229}.Debug|ARM.ActiveCfg = Debug|Any CPU
		{A1019AE6-C703-4FE6-8738-56756D458229}.Debug|ARM.Build.0 = Debug|Any CPU
		{A1019AE6-C703-4FE6-8738-56756D458229}.Debug|ARM64.ActiveCfg = Debug|Any CPU
		{A1019AE6-C703-4FE6-8738-56756D458229}.Debug|ARM64.Build.0 = Debug|Any CPU
		{A1019AE6-C703-4FE6-8738-56756D458229}.Debug|x64.ActiveCfg = Debug|Any CPU
		{A1019AE6-C703-4FE6-8738-56756D458229}.Debug|x64.Build.0 = Debug|Any CPU
		{A1019AE6-C703-4FE6-8738-56756D458229}.Debug|x86.ActiveCfg = Debug|Any CPU
		{A1019AE6-C703-4FE6-8738-56756D458229}.Debug|x86.Build.0 = Debug|Any CPU
		{A1019AE6-C703-4FE6-8738-56756D458229}.Release|Any CPU.ActiveCfg = Release|Any CPU
		{A1019AE6-C703-4FE6-8738-56756D458229}.Release|Any CPU.Build.0 = Release|Any CPU
		{A1019AE6-C703-4FE6-8738-56756D458229}.Release|ARM.ActiveCfg = Release|Any CPU
		{A1019AE6-C703-4FE6-8738-56756D458229}.Release|ARM.Build.0 = Release|Any CPU
		{A1019AE6-C703-4FE6-8738-56756D458229}.Release|ARM64.ActiveCfg = Release|Any CPU
		{A1019AE6-C703-4FE6-8738-56756D458229}.Release|ARM64.Build.0 = Release|Any CPU
		{A1019AE6-C703-4FE6-8738-56756D458229}.Release|x64.ActiveCfg = Release|Any CPU
		{A1019AE6-C703-4FE6-8738-56756D458229}.Release|x64.Build.0 = Release|Any CPU
		{A1019AE6-C703-4FE6-8738-56756D458229}.Release|x86.ActiveCfg = Release|Any CPU
		{A1019AE6-C703-4FE6-8738-56756D458229}.Release|x86.Build.0 = Release|Any CPU
		{5CCE3442-5E9F-4E55-BAF4-0076C287A868}.Debug|Any CPU.ActiveCfg = Debug|Any CPU
		{5CCE3442-5E9F-4E55-BAF4-0076C287A868}.Debug|Any CPU.Build.0 = Debug|Any CPU
		{5CCE3442-5E9F-4E55-BAF4-0076C287A868}.Debug|ARM.ActiveCfg = Debug|Any CPU
		{5CCE3442-5E9F-4E55-BAF4-0076C287A868}.Debug|ARM.Build.0 = Debug|Any CPU
		{5CCE3442-5E9F-4E55-BAF4-0076C287A868}.Debug|ARM64.ActiveCfg = Debug|Any CPU
		{5CCE3442-5E9F-4E55-BAF4-0076C287A868}.Debug|ARM64.Build.0 = Debug|Any CPU
		{5CCE3442-5E9F-4E55-BAF4-0076C287A868}.Debug|x64.ActiveCfg = Debug|Any CPU
		{5CCE3442-5E9F-4E55-BAF4-0076C287A868}.Debug|x64.Build.0 = Debug|Any CPU
		{5CCE3442-5E9F-4E55-BAF4-0076C287A868}.Debug|x86.ActiveCfg = Debug|Any CPU
		{5CCE3442-5E9F-4E55-BAF4-0076C287A868}.Debug|x86.Build.0 = Debug|Any CPU
		{5CCE3442-5E9F-4E55-BAF4-0076C287A868}.Release|Any CPU.ActiveCfg = Release|Any CPU
		{5CCE3442-5E9F-4E55-BAF4-0076C287A868}.Release|Any CPU.Build.0 = Release|Any CPU
		{5CCE3442-5E9F-4E55-BAF4-0076C287A868}.Release|ARM.ActiveCfg = Release|Any CPU
		{5CCE3442-5E9F-4E55-BAF4-0076C287A868}.Release|ARM.Build.0 = Release|Any CPU
		{5CCE3442-5E9F-4E55-BAF4-0076C287A868}.Release|ARM64.ActiveCfg = Release|Any CPU
		{5CCE3442-5E9F-4E55-BAF4-0076C287A868}.Release|ARM64.Build.0 = Release|Any CPU
		{5CCE3442-5E9F-4E55-BAF4-0076C287A868}.Release|x64.ActiveCfg = Release|Any CPU
		{5CCE3442-5E9F-4E55-BAF4-0076C287A868}.Release|x64.Build.0 = Release|Any CPU
		{5CCE3442-5E9F-4E55-BAF4-0076C287A868}.Release|x86.ActiveCfg = Release|Any CPU
		{5CCE3442-5E9F-4E55-BAF4-0076C287A868}.Release|x86.Build.0 = Release|Any CPU
		{0EE99169-C716-4720-8C24-A68EA02D0DD8}.Debug|Any CPU.ActiveCfg = Debug|Any CPU
		{0EE99169-C716-4720-8C24-A68EA02D0DD8}.Debug|Any CPU.Build.0 = Debug|Any CPU
		{0EE99169-C716-4720-8C24-A68EA02D0DD8}.Debug|ARM.ActiveCfg = Debug|Any CPU
		{0EE99169-C716-4720-8C24-A68EA02D0DD8}.Debug|ARM.Build.0 = Debug|Any CPU
		{0EE99169-C716-4720-8C24-A68EA02D0DD8}.Debug|ARM64.ActiveCfg = Debug|Any CPU
		{0EE99169-C716-4720-8C24-A68EA02D0DD8}.Debug|ARM64.Build.0 = Debug|Any CPU
		{0EE99169-C716-4720-8C24-A68EA02D0DD8}.Debug|x64.ActiveCfg = Debug|Any CPU
		{0EE99169-C716-4720-8C24-A68EA02D0DD8}.Debug|x64.Build.0 = Debug|Any CPU
		{0EE99169-C716-4720-8C24-A68EA02D0DD8}.Debug|x86.ActiveCfg = Debug|Any CPU
		{0EE99169-C716-4720-8C24-A68EA02D0DD8}.Debug|x86.Build.0 = Debug|Any CPU
		{0EE99169-C716-4720-8C24-A68EA02D0DD8}.Release|Any CPU.ActiveCfg = Release|Any CPU
		{0EE99169-C716-4720-8C24-A68EA02D0DD8}.Release|Any CPU.Build.0 = Release|Any CPU
		{0EE99169-C716-4720-8C24-A68EA02D0DD8}.Release|ARM.ActiveCfg = Release|Any CPU
		{0EE99169-C716-4720-8C24-A68EA02D0DD8}.Release|ARM.Build.0 = Release|Any CPU
		{0EE99169-C716-4720-8C24-A68EA02D0DD8}.Release|ARM64.ActiveCfg = Release|Any CPU
		{0EE99169-C716-4720-8C24-A68EA02D0DD8}.Release|ARM64.Build.0 = Release|Any CPU
		{0EE99169-C716-4720-8C24-A68EA02D0DD8}.Release|x64.ActiveCfg = Release|Any CPU
		{0EE99169-C716-4720-8C24-A68EA02D0DD8}.Release|x64.Build.0 = Release|Any CPU
		{0EE99169-C716-4720-8C24-A68EA02D0DD8}.Release|x86.ActiveCfg = Release|Any CPU
		{0EE99169-C716-4720-8C24-A68EA02D0DD8}.Release|x86.Build.0 = Release|Any CPU
		{C8FAF03F-F6FE-44F7-96AA-F66033DF6AEE}.Debug|Any CPU.ActiveCfg = Debug|Any CPU
		{C8FAF03F-F6FE-44F7-96AA-F66033DF6AEE}.Debug|Any CPU.Build.0 = Debug|Any CPU
		{C8FAF03F-F6FE-44F7-96AA-F66033DF6AEE}.Debug|ARM.ActiveCfg = Debug|Any CPU
		{C8FAF03F-F6FE-44F7-96AA-F66033DF6AEE}.Debug|ARM.Build.0 = Debug|Any CPU
		{C8FAF03F-F6FE-44F7-96AA-F66033DF6AEE}.Debug|ARM64.ActiveCfg = Debug|Any CPU
		{C8FAF03F-F6FE-44F7-96AA-F66033DF6AEE}.Debug|ARM64.Build.0 = Debug|Any CPU
		{C8FAF03F-F6FE-44F7-96AA-F66033DF6AEE}.Debug|x64.ActiveCfg = Debug|Any CPU
		{C8FAF03F-F6FE-44F7-96AA-F66033DF6AEE}.Debug|x64.Build.0 = Debug|Any CPU
		{C8FAF03F-F6FE-44F7-96AA-F66033DF6AEE}.Debug|x86.ActiveCfg = Debug|Any CPU
		{C8FAF03F-F6FE-44F7-96AA-F66033DF6AEE}.Debug|x86.Build.0 = Debug|Any CPU
		{C8FAF03F-F6FE-44F7-96AA-F66033DF6AEE}.Release|Any CPU.ActiveCfg = Release|Any CPU
		{C8FAF03F-F6FE-44F7-96AA-F66033DF6AEE}.Release|Any CPU.Build.0 = Release|Any CPU
		{C8FAF03F-F6FE-44F7-96AA-F66033DF6AEE}.Release|ARM.ActiveCfg = Release|Any CPU
		{C8FAF03F-F6FE-44F7-96AA-F66033DF6AEE}.Release|ARM.Build.0 = Release|Any CPU
		{C8FAF03F-F6FE-44F7-96AA-F66033DF6AEE}.Release|ARM64.ActiveCfg = Release|Any CPU
		{C8FAF03F-F6FE-44F7-96AA-F66033DF6AEE}.Release|ARM64.Build.0 = Release|Any CPU
		{C8FAF03F-F6FE-44F7-96AA-F66033DF6AEE}.Release|x64.ActiveCfg = Release|Any CPU
		{C8FAF03F-F6FE-44F7-96AA-F66033DF6AEE}.Release|x64.Build.0 = Release|Any CPU
		{C8FAF03F-F6FE-44F7-96AA-F66033DF6AEE}.Release|x86.ActiveCfg = Release|Any CPU
		{C8FAF03F-F6FE-44F7-96AA-F66033DF6AEE}.Release|x86.Build.0 = Release|Any CPU
	EndGlobalSection
	GlobalSection(SolutionProperties) = preSolution
		HideSolutionNode = FALSE
	EndGlobalSection
	GlobalSection(ExtensibilityGlobals) = postSolution
		SolutionGuid = {1EE1A044-7571-4DA6-A17B-AC9C65D63E90}
	EndGlobalSection
EndGlobal
